// !$*UTF8*$!
{
	archiveVersion = 1;
	classes = {
	};
	objectVersion = 50;
	objects = {

/* Begin PBXBuildFile section */
		4C1CBF9820877B6D0015A534 /* AppDelegate.swift in Sources */ = {isa = PBXBuildFile; fileRef = 4C1CBF9720877B6D0015A534 /* AppDelegate.swift */; };
		4C1CBF9A20877B6D0015A534 /* ViewController.swift in Sources */ = {isa = PBXBuildFile; fileRef = 4C1CBF9920877B6D0015A534 /* ViewController.swift */; };
		4C1CBF9D20877B6D0015A534 /* Main.storyboard in Resources */ = {isa = PBXBuildFile; fileRef = 4C1CBF9B20877B6D0015A534 /* Main.storyboard */; };
		4C1CBF9F20877B6E0015A534 /* Assets.xcassets in Resources */ = {isa = PBXBuildFile; fileRef = 4C1CBF9E20877B6E0015A534 /* Assets.xcassets */; };
		4C1CBFA220877B6E0015A534 /* LaunchScreen.storyboard in Resources */ = {isa = PBXBuildFile; fileRef = 4C1CBFA020877B6E0015A534 /* LaunchScreen.storyboard */; };
		4C1CBFAD20877B6E0015A534 /* Color_PickerTests.swift in Sources */ = {isa = PBXBuildFile; fileRef = 4C1CBFAC20877B6E0015A534 /* Color_PickerTests.swift */; };
		4C1CBFB820877B6E0015A534 /* Color_PickerUITests.swift in Sources */ = {isa = PBXBuildFile; fileRef = 4C1CBFB720877B6E0015A534 /* Color_PickerUITests.swift */; };
		4C1CBFC6208781DE0015A534 /* Color.swift in Sources */ = {isa = PBXBuildFile; fileRef = 4C1CBFC5208781DE0015A534 /* Color.swift */; };
/* End PBXBuildFile section */

/* Begin PBXContainerItemProxy section */
		4C1CBFA920877B6E0015A534 /* PBXContainerItemProxy */ = {
			isa = PBXContainerItemProxy;
			containerPortal = 4C1CBF8C20877B6D0015A534 /* Project object */;
			proxyType = 1;
			remoteGlobalIDString = 4C1CBF9320877B6D0015A534;
			remoteInfo = "Color Picker";
		};
		4C1CBFB420877B6E0015A534 /* PBXContainerItemProxy */ = {
			isa = PBXContainerItemProxy;
			containerPortal = 4C1CBF8C20877B6D0015A534 /* Project object */;
			proxyType = 1;
			remoteGlobalIDString = 4C1CBF9320877B6D0015A534;
			remoteInfo = "Color Picker";
		};
/* End PBXContainerItemProxy section */

/* Begin PBXFileReference section */
		4C1CBF9420877B6D0015A534 /* Color Picker.app */ = {isa = PBXFileReference; explicitFileType = wrapper.application; includeInIndex = 0; path = "Color Picker.app"; sourceTree = BUILT_PRODUCTS_DIR; };
		4C1CBF9720877B6D0015A534 /* AppDelegate.swift */ = {isa = PBXFileReference; lastKnownFileType = sourcecode.swift; path = AppDelegate.swift; sourceTree = "<group>"; };
		4C1CBF9920877B6D0015A534 /* ViewController.swift */ = {isa = PBXFileReference; lastKnownFileType = sourcecode.swift; path = ViewController.swift; sourceTree = "<group>"; };
		4C1CBF9C20877B6D0015A534 /* Base */ = {isa = PBXFileReference; lastKnownFileType = file.storyboard; name = Base; path = Base.lproj/Main.storyboard; sourceTree = "<group>"; };
		4C1CBF9E20877B6E0015A534 /* Assets.xcassets */ = {isa = PBXFileReference; lastKnownFileType = folder.assetcatalog; path = Assets.xcassets; sourceTree = "<group>"; };
		4C1CBFA120877B6E0015A534 /* Base */ = {isa = PBXFileReference; lastKnownFileType = file.storyboard; name = Base; path = Base.lproj/LaunchScreen.storyboard; sourceTree = "<group>"; };
		4C1CBFA320877B6E0015A534 /* Info.plist */ = {isa = PBXFileReference; lastKnownFileType = text.plist.xml; path = Info.plist; sourceTree = "<group>"; };
		4C1CBFA820877B6E0015A534 /* Color PickerTests.xctest */ = {isa = PBXFileReference; explicitFileType = wrapper.cfbundle; includeInIndex = 0; path = "Color PickerTests.xctest"; sourceTree = BUILT_PRODUCTS_DIR; };
		4C1CBFAC20877B6E0015A534 /* Color_PickerTests.swift */ = {isa = PBXFileReference; lastKnownFileType = sourcecode.swift; path = Color_PickerTests.swift; sourceTree = "<group>"; };
		4C1CBFAE20877B6E0015A534 /* Info.plist */ = {isa = PBXFileReference; lastKnownFileType = text.plist.xml; path = Info.plist; sourceTree = "<group>"; };
		4C1CBFB320877B6E0015A534 /* Color PickerUITests.xctest */ = {isa = PBXFileReference; explicitFileType = wrapper.cfbundle; includeInIndex = 0; path = "Color PickerUITests.xctest"; sourceTree = BUILT_PRODUCTS_DIR; };
		4C1CBFB720877B6E0015A534 /* Color_PickerUITests.swift */ = {isa = PBXFileReference; lastKnownFileType = sourcecode.swift; path = Color_PickerUITests.swift; sourceTree = "<group>"; };
		4C1CBFB920877B6E0015A534 /* Info.plist */ = {isa = PBXFileReference; lastKnownFileType = text.plist.xml; path = Info.plist; sourceTree = "<group>"; };
		4C1CBFC5208781DE0015A534 /* Color.swift */ = {isa = PBXFileReference; lastKnownFileType = sourcecode.swift; path = Color.swift; sourceTree = "<group>"; };
/* End PBXFileReference section */

/* Begin PBXFrameworksBuildPhase section */
		4C1CBF9120877B6D0015A534 /* Frameworks */ = {
			isa = PBXFrameworksBuildPhase;
			buildActionMask = 2147483647;
			files = (
			);
			runOnlyForDeploymentPostprocessing = 0;
		};
		4C1CBFA520877B6E0015A534 /* Frameworks */ = {
			isa = PBXFrameworksBuildPhase;
			buildActionMask = 2147483647;
			files = (
			);
			runOnlyForDeploymentPostprocessing = 0;
		};
		4C1CBFB020877B6E0015A534 /* Frameworks */ = {
			isa = PBXFrameworksBuildPhase;
			buildActionMask = 2147483647;
			files = (
			);
			runOnlyForDeploymentPostprocessing = 0;
		};
/* End PBXFrameworksBuildPhase section */

/* Begin PBXGroup section */
		4C1CBF8B20877B6D0015A534 = {
			isa = PBXGroup;
			children = (
				4C1CBF9620877B6D0015A534 /* Color Picker */,
				4C1CBFAB20877B6E0015A534 /* Color PickerTests */,
				4C1CBFB620877B6E0015A534 /* Color PickerUITests */,
				4C1CBF9520877B6D0015A534 /* Products */,
			);
			sourceTree = "<group>";
		};
		4C1CBF9520877B6D0015A534 /* Products */ = {
			isa = PBXGroup;
			children = (
				4C1CBF9420877B6D0015A534 /* Color Picker.app */,
				4C1CBFA820877B6E0015A534 /* Color PickerTests.xctest */,
				4C1CBFB320877B6E0015A534 /* Color PickerUITests.xctest */,
			);
			name = Products;
			sourceTree = "<group>";
		};
		4C1CBF9620877B6D0015A534 /* Color Picker */ = {
			isa = PBXGroup;
			children = (
				4C1CBF9720877B6D0015A534 /* AppDelegate.swift */,
				4C1CBF9920877B6D0015A534 /* ViewController.swift */,
				4C1CBF9B20877B6D0015A534 /* Main.storyboard */,
				4C1CBF9E20877B6E0015A534 /* Assets.xcassets */,
				4C1CBFA020877B6E0015A534 /* LaunchScreen.storyboard */,
				4C1CBFA320877B6E0015A534 /* Info.plist */,
				4C1CBFC5208781DE0015A534 /* Color.swift */,
			);
			path = "Color Picker";
			sourceTree = "<group>";
		};
		4C1CBFAB20877B6E0015A534 /* Color PickerTests */ = {
			isa = PBXGroup;
			children = (
				4C1CBFAC20877B6E0015A534 /* Color_PickerTests.swift */,
				4C1CBFAE20877B6E0015A534 /* Info.plist */,
			);
			path = "Color PickerTests";
			sourceTree = "<group>";
		};
		4C1CBFB620877B6E0015A534 /* Color PickerUITests */ = {
			isa = PBXGroup;
			children = (
				4C1CBFB720877B6E0015A534 /* Color_PickerUITests.swift */,
				4C1CBFB920877B6E0015A534 /* Info.plist */,
			);
			path = "Color PickerUITests";
			sourceTree = "<group>";
		};
/* End PBXGroup section */

/* Begin PBXNativeTarget section */
		4C1CBF9320877B6D0015A534 /* Color Picker */ = {
			isa = PBXNativeTarget;
			buildConfigurationList = 4C1CBFBC20877B6E0015A534 /* Build configuration list for PBXNativeTarget "Color Picker" */;
			buildPhases = (
				4C1CBF9020877B6D0015A534 /* Sources */,
				4C1CBF9120877B6D0015A534 /* Frameworks */,
				4C1CBF9220877B6D0015A534 /* Resources */,
			);
			buildRules = (
			);
			dependencies = (
			);
			name = "Color Picker";
			productName = "Color Picker";
			productReference = 4C1CBF9420877B6D0015A534 /* Color Picker.app */;
			productType = "com.apple.product-type.application";
		};
		4C1CBFA720877B6E0015A534 /* Color PickerTests */ = {
			isa = PBXNativeTarget;
			buildConfigurationList = 4C1CBFBF20877B6E0015A534 /* Build configuration list for PBXNativeTarget "Color PickerTests" */;
			buildPhases = (
				4C1CBFA420877B6E0015A534 /* Sources */,
				4C1CBFA520877B6E0015A534 /* Frameworks */,
				4C1CBFA620877B6E0015A534 /* Resources */,
			);
			buildRules = (
			);
			dependencies = (
				4C1CBFAA20877B6E0015A534 /* PBXTargetDependency */,
			);
			name = "Color PickerTests";
			productName = "Color PickerTests";
			productReference = 4C1CBFA820877B6E0015A534 /* Color PickerTests.xctest */;
			productType = "com.apple.product-type.bundle.unit-test";
		};
		4C1CBFB220877B6E0015A534 /* Color PickerUITests */ = {
			isa = PBXNativeTarget;
			buildConfigurationList = 4C1CBFC220877B6E0015A534 /* Build configuration list for PBXNativeTarget "Color PickerUITests" */;
			buildPhases = (
				4C1CBFAF20877B6E0015A534 /* Sources */,
				4C1CBFB020877B6E0015A534 /* Frameworks */,
				4C1CBFB120877B6E0015A534 /* Resources */,
			);
			buildRules = (
			);
			dependencies = (
				4C1CBFB520877B6E0015A534 /* PBXTargetDependency */,
			);
			name = "Color PickerUITests";
			productName = "Color PickerUITests";
			productReference = 4C1CBFB320877B6E0015A534 /* Color PickerUITests.xctest */;
			productType = "com.apple.product-type.bundle.ui-testing";
		};
/* End PBXNativeTarget section */

/* Begin PBXProject section */
		4C1CBF8C20877B6D0015A534 /* Project object */ = {
			isa = PBXProject;
			attributes = {
				LastSwiftUpdateCheck = 0930;
				LastUpgradeCheck = 0930;
				ORGANIZATIONNAME = "Lee Offir";
				TargetAttributes = {
					4C1CBF9320877B6D0015A534 = {
						CreatedOnToolsVersion = 9.3;
					};
					4C1CBFA720877B6E0015A534 = {
						CreatedOnToolsVersion = 9.3;
						TestTargetID = 4C1CBF9320877B6D0015A534;
					};
					4C1CBFB220877B6E0015A534 = {
						CreatedOnToolsVersion = 9.3;
						TestTargetID = 4C1CBF9320877B6D0015A534;
					};
				};
			};
			buildConfigurationList = 4C1CBF8F20877B6D0015A534 /* Build configuration list for PBXProject "Color Picker" */;
			compatibilityVersion = "Xcode 9.3";
			developmentRegion = en;
			hasScannedForEncodings = 0;
			knownRegions = (
				en,
				Base,
			);
			mainGroup = 4C1CBF8B20877B6D0015A534;
			productRefGroup = 4C1CBF9520877B6D0015A534 /* Products */;
			projectDirPath = "";
			projectRoot = "";
			targets = (
				4C1CBF9320877B6D0015A534 /* Color Picker */,
				4C1CBFA720877B6E0015A534 /* Color PickerTests */,
				4C1CBFB220877B6E0015A534 /* Color PickerUITests */,
			);
		};
/* End PBXProject section */

/* Begin PBXResourcesBuildPhase section */
		4C1CBF9220877B6D0015A534 /* Resources */ = {
			isa = PBXResourcesBuildPhase;
			buildActionMask = 2147483647;
			files = (
				4C1CBFA220877B6E0015A534 /* LaunchScreen.storyboard in Resources */,
				4C1CBF9F20877B6E0015A534 /* Assets.xcassets in Resources */,
				4C1CBF9D20877B6D0015A534 /* Main.storyboard in Resources */,
			);
			runOnlyForDeploymentPostprocessing = 0;
		};
		4C1CBFA620877B6E0015A534 /* Resources */ = {
			isa = PBXResourcesBuildPhase;
			buildActionMask = 2147483647;
			files = (
			);
			runOnlyForDeploymentPostprocessing = 0;
		};
		4C1CBFB120877B6E0015A534 /* Resources */ = {
			isa = PBXResourcesBuildPhase;
			buildActionMask = 2147483647;
			files = (
			);
			runOnlyForDeploymentPostprocessing = 0;
		};
/* End PBXResourcesBuildPhase section */

/* Begin PBXSourcesBuildPhase section */
		4C1CBF9020877B6D0015A534 /* Sources */ = {
			isa = PBXSourcesBuildPhase;
			buildActionMask = 2147483647;
			files = (
				4C1CBF9A20877B6D0015A534 /* ViewController.swift in Sources */,
				4C1CBF9820877B6D0015A534 /* AppDelegate.swift in Sources */,
				4C1CBFC6208781DE0015A534 /* Color.swift in Sources */,
			);
			runOnlyForDeploymentPostprocessing = 0;
		};
		4C1CBFA420877B6E0015A534 /* Sources */ = {
			isa = PBXSourcesBuildPhase;
			buildActionMask = 2147483647;
			files = (
				4C1CBFAD20877B6E0015A534 /* Color_PickerTests.swift in Sources */,
			);
			runOnlyForDeploymentPostprocessing = 0;
		};
		4C1CBFAF20877B6E0015A534 /* Sources */ = {
			isa = PBXSourcesBuildPhase;
			buildActionMask = 2147483647;
			files = (
				4C1CBFB820877B6E0015A534 /* Color_PickerUITests.swift in Sources */,
			);
			runOnlyForDeploymentPostprocessing = 0;
		};
/* End PBXSourcesBuildPhase section */

/* Begin PBXTargetDependency section */
		4C1CBFAA20877B6E0015A534 /* PBXTargetDependency */ = {
			isa = PBXTargetDependency;
			target = 4C1CBF9320877B6D0015A534 /* Color Picker */;
			targetProxy = 4C1CBFA920877B6E0015A534 /* PBXContainerItemProxy */;
		};
		4C1CBFB520877B6E0015A534 /* PBXTargetDependency */ = {
			isa = PBXTargetDependency;
			target = 4C1CBF9320877B6D0015A534 /* Color Picker */;
			targetProxy = 4C1CBFB420877B6E0015A534 /* PBXContainerItemProxy */;
		};
/* End PBXTargetDependency section */

/* Begin PBXVariantGroup section */
		4C1CBF9B20877B6D0015A534 /* Main.storyboard */ = {
			isa = PBXVariantGroup;
			children = (
				4C1CBF9C20877B6D0015A534 /* Base */,
			);
			name = Main.storyboard;
			sourceTree = "<group>";
		};
		4C1CBFA020877B6E0015A534 /* LaunchScreen.storyboard */ = {
			isa = PBXVariantGroup;
			children = (
				4C1CBFA120877B6E0015A534 /* Base */,
			);
			name = LaunchScreen.storyboard;
			sourceTree = "<group>";
		};
/* End PBXVariantGroup section */

/* Begin XCBuildConfiguration section */
		4C1CBFBA20877B6E0015A534 /* Debug */ = {
			isa = XCBuildConfiguration;
			buildSettings = {
				ALWAYS_SEARCH_USER_PATHS = NO;
				CLANG_ANALYZER_NONNULL = YES;
				CLANG_ANALYZER_NUMBER_OBJECT_CONVERSION = YES_AGGRESSIVE;
				CLANG_CXX_LANGUAGE_STANDARD = "gnu++14";
				CLANG_CXX_LIBRARY = "libc++";
				CLANG_ENABLE_MODULES = YES;
				CLANG_ENABLE_OBJC_ARC = YES;
				CLANG_ENABLE_OBJC_WEAK = YES;
				CLANG_WARN_BLOCK_CAPTURE_AUTORELEASING = YES;
				CLANG_WARN_BOOL_CONVERSION = YES;
				CLANG_WARN_COMMA = YES;
				CLANG_WARN_CONSTANT_CONVERSION = YES;
				CLANG_WARN_DEPRECATED_OBJC_IMPLEMENTATIONS = YES;
				CLANG_WARN_DIRECT_OBJC_ISA_USAGE = YES_ERROR;
				CLANG_WARN_DOCUMENTATION_COMMENTS = YES;
				CLANG_WARN_EMPTY_BODY = YES;
				CLANG_WARN_ENUM_CONVERSION = YES;
				CLANG_WARN_INFINITE_RECURSION = YES;
				CLANG_WARN_INT_CONVERSION = YES;
				CLANG_WARN_NON_LITERAL_NULL_CONVERSION = YES;
				CLANG_WARN_OBJC_IMPLICIT_RETAIN_SELF = YES;
				CLANG_WARN_OBJC_LITERAL_CONVERSION = YES;
				CLANG_WARN_OBJC_ROOT_CLASS = YES_ERROR;
				CLANG_WARN_RANGE_LOOP_ANALYSIS = YES;
				CLANG_WARN_STRICT_PROTOTYPES = YES;
				CLANG_WARN_SUSPICIOUS_MOVE = YES;
				CLANG_WARN_UNGUARDED_AVAILABILITY = YES_AGGRESSIVE;
				CLANG_WARN_UNREACHABLE_CODE = YES;
				CLANG_WARN__DUPLICATE_METHOD_MATCH = YES;
				CODE_SIGN_IDENTITY = "iPhone Developer";
				COPY_PHASE_STRIP = NO;
				DEBUG_INFORMATION_FORMAT = dwarf;
				ENABLE_STRICT_OBJC_MSGSEND = YES;
				ENABLE_TESTABILITY = YES;
				GCC_C_LANGUAGE_STANDARD = gnu11;
				GCC_DYNAMIC_NO_PIC = NO;
				GCC_NO_COMMON_BLOCKS = YES;
				GCC_OPTIMIZATION_LEVEL = 0;
				GCC_PREPROCESSOR_DEFINITIONS = (
					"DEBUG=1",
					"$(inherited)",
				);
				GCC_WARN_64_TO_32_BIT_CONVERSION = YES;
				GCC_WARN_ABOUT_RETURN_TYPE = YES_ERROR;
				GCC_WARN_UNDECLARED_SELECTOR = YES;
				GCC_WARN_UNINITIALIZED_AUTOS = YES_AGGRESSIVE;
				GCC_WARN_UNUSED_FUNCTION = YES;
				GCC_WARN_UNUSED_VARIABLE = YES;
				IPHONEOS_DEPLOYMENT_TARGET = 11.3;
				MTL_ENABLE_DEBUG_INFO = YES;
				ONLY_ACTIVE_ARCH = YES;
				SDKROOT = iphoneos;
				SWIFT_ACTIVE_COMPILATION_CONDITIONS = DEBUG;
				SWIFT_OPTIMIZATION_LEVEL = "-Onone";
			};
			name = Debug;
		};
		4C1CBFBB20877B6E0015A534 /* Release */ = {
			isa = XCBuildConfiguration;
			buildSettings = {
				ALWAYS_SEARCH_USER_PATHS = NO;
				CLANG_ANALYZER_NONNULL = YES;
				CLANG_ANALYZER_NUMBER_OBJECT_CONVERSION = YES_AGGRESSIVE;
				CLANG_CXX_LANGUAGE_STANDARD = "gnu++14";
				CLANG_CXX_LIBRARY = "libc++";
				CLANG_ENABLE_MODULES = YES;
				CLANG_ENABLE_OBJC_ARC = YES;
				CLANG_ENABLE_OBJC_WEAK = YES;
				CLANG_WARN_BLOCK_CAPTURE_AUTORELEASING = YES;
				CLANG_WARN_BOOL_CONVERSION = YES;
				CLANG_WARN_COMMA = YES;
				CLANG_WARN_CONSTANT_CONVERSION = YES;
				CLANG_WARN_DEPRECATED_OBJC_IMPLEMENTATIONS = YES;
				CLANG_WARN_DIRECT_OBJC_ISA_USAGE = YES_ERROR;
				CLANG_WARN_DOCUMENTATION_COMMENTS = YES;
				CLANG_WARN_EMPTY_BODY = YES;
				CLANG_WARN_ENUM_CONVERSION = YES;
				CLANG_WARN_INFINITE_RECURSION = YES;
				CLANG_WARN_INT_CONVERSION = YES;
				CLANG_WARN_NON_LITERAL_NULL_CONVERSION = YES;
				CLANG_WARN_OBJC_IMPLICIT_RETAIN_SELF = YES;
				CLANG_WARN_OBJC_LITERAL_CONVERSION = YES;
				CLANG_WARN_OBJC_ROOT_CLASS = YES_ERROR;
				CLANG_WARN_RANGE_LOOP_ANALYSIS = YES;
				CLANG_WARN_STRICT_PROTOTYPES = YES;
				CLANG_WARN_SUSPICIOUS_MOVE = YES;
				CLANG_WARN_UNGUARDED_AVAILABILITY = YES_AGGRESSIVE;
				CLANG_WARN_UNREACHABLE_CODE = YES;
				CLANG_WARN__DUPLICATE_METHOD_MATCH = YES;
				CODE_SIGN_IDENTITY = "iPhone Developer";
				COPY_PHASE_STRIP = NO;
				DEBUG_INFORMATION_FORMAT = "dwarf-with-dsym";
				ENABLE_NS_ASSERTIONS = NO;
				ENABLE_STRICT_OBJC_MSGSEND = YES;
				GCC_C_LANGUAGE_STANDARD = gnu11;
				GCC_NO_COMMON_BLOCKS = YES;
				GCC_WARN_64_TO_32_BIT_CONVERSION = YES;
				GCC_WARN_ABOUT_RETURN_TYPE = YES_ERROR;
				GCC_WARN_UNDECLARED_SELECTOR = YES;
				GCC_WARN_UNINITIALIZED_AUTOS = YES_AGGRESSIVE;
				GCC_WARN_UNUSED_FUNCTION = YES;
				GCC_WARN_UNUSED_VARIABLE = YES;
				IPHONEOS_DEPLOYMENT_TARGET = 11.3;
				MTL_ENABLE_DEBUG_INFO = NO;
				SDKROOT = iphoneos;
				SWIFT_COMPILATION_MODE = wholemodule;
				SWIFT_OPTIMIZATION_LEVEL = "-O";
				VALIDATE_PRODUCT = YES;
			};
			name = Release;
		};
		4C1CBFBD20877B6E0015A534 /* Debug */ = {
			isa = XCBuildConfiguration;
			buildSettings = {
				ASSETCATALOG_COMPILER_APPICON_NAME = AppIcon;
				CODE_SIGN_STYLE = Automatic;
				DEVELOPMENT_TEAM = 3QX6KLX557;
				INFOPLIST_FILE = "Color Picker/Info.plist";
				LD_RUNPATH_SEARCH_PATHS = (
					"$(inherited)",
					"@executable_path/Frameworks",
				);
				PRODUCT_BUNDLE_IDENTIFIER = "leeoffir.Color-Picker";
				PRODUCT_NAME = "$(TARGET_NAME)";
				SWIFT_VERSION = 4.0;
				TARGETED_DEVICE_FAMILY = "1,2";
			};
			name = Debug;
		};
		4C1CBFBE20877B6E0015A534 /* Release */ = {
			isa = XCBuildConfiguration;
			buildSettings = {
				ASSETCATALOG_COMPILER_APPICON_NAME = AppIcon;
				CODE_SIGN_STYLE = Automatic;
				DEVELOPMENT_TEAM = 3QX6KLX557;
				INFOPLIST_FILE = "Color Picker/Info.plist";
				LD_RUNPATH_SEARCH_PATHS = (
					"$(inherited)",
					"@executable_path/Frameworks",
				);
				PRODUCT_BUNDLE_IDENTIFIER = "leeoffir.Color-Picker";
				PRODUCT_NAME = "$(TARGET_NAME)";
				SWIFT_VERSION = 4.0;
				TARGETED_DEVICE_FAMILY = "1,2";
			};
			name = Release;
		};
		4C1CBFC020877B6E0015A534 /* Debug */ = {
			isa = XCBuildConfiguration;
			buildSettings = {
				ALWAYS_EMBED_SWIFT_STANDARD_LIBRARIES = YES;
				BUNDLE_LOADER = "$(TEST_HOST)";
				CODE_SIGN_STYLE = Automatic;
				DEVELOPMENT_TEAM = 3QX6KLX557;
				INFOPLIST_FILE = "Color PickerTests/Info.plist";
				LD_RUNPATH_SEARCH_PATHS = (
					"$(inherited)",
					"@executable_path/Frameworks",
					"@loader_path/Frameworks",
				);
				PRODUCT_BUNDLE_IDENTIFIER = "leeoffir.Color-PickerTests";
				PRODUCT_NAME = "$(TARGET_NAME)";
				SWIFT_VERSION = 4.0;
				TARGETED_DEVICE_FAMILY = "1,2";
				TEST_HOST = "$(BUILT_PRODUCTS_DIR)/Color Picker.app/Color Picker";
			};
			name = Debug;
		};
		4C1CBFC120877B6E0015A534 /* Release */ = {
			isa = XCBuildConfiguration;
			buildSettings = {
				ALWAYS_EMBED_SWIFT_STANDARD_LIBRARIES = YES;
				BUNDLE_LOADER = "$(TEST_HOST)";
				CODE_SIGN_STYLE = Automatic;
				DEVELOPMENT_TEAM = 3QX6KLX557;
				INFOPLIST_FILE = "Color PickerTests/Info.plist";
				LD_RUNPATH_SEARCH_PATHS = (
					"$(inherited)",
					"@executable_path/Frameworks",
					"@loader_path/Frameworks",
				);
				PRODUCT_BUNDLE_IDENTIFIER = "leeoffir.Color-PickerTests";
				PRODUCT_NAME = "$(TARGET_NAME)";
				SWIFT_VERSION = 4.0;
				TARGETED_DEVICE_FAMILY = "1,2";
				TEST_HOST = "$(BUILT_PRODUCTS_DIR)/Color Picker.app/Color Picker";
			};
			name = Release;
		};
		4C1CBFC320877B6E0015A534 /* Debug */ = {
			isa = XCBuildConfiguration;
			buildSettings = {
				ALWAYS_EMBED_SWIFT_STANDARD_LIBRARIES = YES;
				CODE_SIGN_STYLE = Automatic;
				DEVELOPMENT_TEAM = 3QX6KLX557;
				INFOPLIST_FILE = "Color PickerUITests/Info.plist";
				LD_RUNPATH_SEARCH_PATHS = (
					"$(inherited)",
					"@executable_path/Frameworks",
					"@loader_path/Frameworks",
				);
				PRODUCT_BUNDLE_IDENTIFIER = "leeoffir.Color-PickerUITests";
				PRODUCT_NAME = "$(TARGET_NAME)";
				SWIFT_VERSION = 4.0;
				TARGETED_DEVICE_FAMILY = "1,2";
				TEST_TARGET_NAME = "Color Picker";
			};
			name = Debug;
		};
		4C1CBFC420877B6E0015A534 /* Release */ = {
			isa = XCBuildConfiguration;
			buildSettings = {
				ALWAYS_EMBED_SWIFT_STANDARD_LIBRARIES = YES;
				CODE_SIGN_STYLE = Automatic;
				DEVELOPMENT_TEAM = 3QX6KLX557;
				INFOPLIST_FILE = "Color PickerUITests/Info.plist";
				LD_RUNPATH_SEARCH_PATHS = (
					"$(inherited)",
					"@executable_path/Frameworks",
					"@loader_path/Frameworks",
				);
				PRODUCT_BUNDLE_IDENTIFIER = "leeoffir.Color-PickerUITests";
				PRODUCT_NAME = "$(TARGET_NAME)";
				SWIFT_VERSION = 4.0;
				TARGETED_DEVICE_FAMILY = "1,2";
				TEST_TARGET_NAME = "Color Picker";
			};
			name = Release;
		};
/* End XCBuildConfiguration section */

/* Begin XCConfigurationList section */
		4C1CBF8F20877B6D0015A534 /* Build configuration list for PBXProject "Color Picker" */ = {
			isa = XCConfigurationList;
			buildConfigurations = (
				4C1CBFBA20877B6E0015A534 /* Debug */,
				4C1CBFBB20877B6E0015A534 /* Release */,
			);
			defaultConfigurationIsVisible = 0;
			defaultConfigurationName = Release;
		};
		4C1CBFBC20877B6E0015A534 /* Build configuration list for PBXNativeTarget "Color Picker" */ = {
			isa = XCConfigurationList;
			buildConfigurations = (
				4C1CBFBD20877B6E0015A534 /* Debug */,
				4C1CBFBE20877B6E0015A534 /* Release */,
			);
			defaultConfigurationIsVisible = 0;
			defaultConfigurationName = Release;
		};
		4C1CBFBF20877B6E0015A534 /* Build configuration list for PBXNativeTarget "Color PickerTests" */ = {
			isa = XCConfigurationList;
			buildConfigurations = (
				4C1CBFC020877B6E0015A534 /* Debug */,
				4C1CBFC120877B6E0015A534 /* Release */,
			);
			defaultConfigurationIsVisible = 0;
			defaultConfigurationName = Release;
		};
		4C1CBFC220877B6E0015A534 /* Build configuration list for PBXNativeTarget "Color PickerUITests" */ = {
			isa = XCConfigurationList;
			buildConfigurations = (
				4C1CBFC320877B6E0015A534 /* Debug */,
				4C1CBFC420877B6E0015A534 /* Release */,
			);
			defaultConfigurationIsVisible = 0;
			defaultConfigurationName = Release;
		};
/* End XCConfigurationList section */
	};
	rootObject = 4C1CBF8C20877B6D0015A534 /* Project object */;
}
